// !$*UTF8*$!
{
	archiveVersion = 1;
	classes = {
	};
	objectVersion = 77;
	objects = {

/* Begin PBXBuildFile section */
		E57E60162D79C27F0018A3D7 /* FirebaseAnalytics in Frameworks */ = {isa = PBXBuildFile; productRef = E57E60152D79C27F0018A3D7 /* FirebaseAnalytics */; };
		E57E60182D79C27F0018A3D7 /* FirebaseAppCheck in Frameworks */ = {isa = PBXBuildFile; productRef = E57E60172D79C27F0018A3D7 /* FirebaseAppCheck */; };
		E57E601A2D79C27F0018A3D7 /* FirebaseAuth in Frameworks */ = {isa = PBXBuildFile; productRef = E57E60192D79C27F0018A3D7 /* FirebaseAuth */; };
		E57E601C2D79C27F0018A3D7 /* FirebaseCore in Frameworks */ = {isa = PBXBuildFile; productRef = E57E601B2D79C27F0018A3D7 /* FirebaseCore */; };
		E57E601E2D79C27F0018A3D7 /* FirebaseDatabase in Frameworks */ = {isa = PBXBuildFile; productRef = E57E601D2D79C27F0018A3D7 /* FirebaseDatabase */; };
		E57E60202D79C27F0018A3D7 /* FirebaseFirestore in Frameworks */ = {isa = PBXBuildFile; productRef = E57E601F2D79C27F0018A3D7 /* FirebaseFirestore */; };
		E57E60222D79C27F0018A3D7 /* FirebaseFirestoreCombine-Community in Frameworks */ = {isa = PBXBuildFile; productRef = E57E60212D79C27F0018A3D7 /* FirebaseFirestoreCombine-Community */; };
		E57E60242D79C27F0018A3D7 /* FirebaseFunctions in Frameworks */ = {isa = PBXBuildFile; productRef = E57E60232D79C27F0018A3D7 /* FirebaseFunctions */; };
		E57E60262D79C27F0018A3D7 /* FirebaseMessaging in Frameworks */ = {isa = PBXBuildFile; productRef = E57E60252D79C27F0018A3D7 /* FirebaseMessaging */; };
		E57E60282D79C27F0018A3D7 /* FirebasePerformance in Frameworks */ = {isa = PBXBuildFile; productRef = E57E60272D79C27F0018A3D7 /* FirebasePerformance */; };
		E57E602A2D79C27F0018A3D7 /* FirebaseStorage in Frameworks */ = {isa = PBXBuildFile; productRef = E57E60292D79C27F0018A3D7 /* FirebaseStorage */; };
/* End PBXBuildFile section */

/* Begin PBXContainerItemProxy section */
		E57E5FDD2D79BF360018A3D7 /* PBXContainerItemProxy */ = {
			isa = PBXContainerItemProxy;
			containerPortal = E57E5FBF2D79BF350018A3D7 /* Project object */;
			proxyType = 1;
			remoteGlobalIDString = E57E5FC62D79BF350018A3D7;
			remoteInfo = Gradient;
		};
		E57E5FE72D79BF360018A3D7 /* PBXContainerItemProxy */ = {
			isa = PBXContainerItemProxy;
			containerPortal = E57E5FBF2D79BF350018A3D7 /* Project object */;
			proxyType = 1;
			remoteGlobalIDString = E57E5FC62D79BF350018A3D7;
			remoteInfo = Gradient;
		};
/* End PBXContainerItemProxy section */

/* Begin PBXFileReference section */
		E57E5FC72D79BF350018A3D7 /* Gradient.app */ = {isa = PBXFileReference; explicitFileType = wrapper.application; includeInIndex = 0; path = Gradient.app; sourceTree = BUILT_PRODUCTS_DIR; };
		E57E5FDC2D79BF360018A3D7 /* GradientTests.xctest */ = {isa = PBXFileReference; explicitFileType = wrapper.cfbundle; includeInIndex = 0; path = GradientTests.xctest; sourceTree = BUILT_PRODUCTS_DIR; };
		E57E5FE62D79BF360018A3D7 /* GradientUITests.xctest */ = {isa = PBXFileReference; explicitFileType = wrapper.cfbundle; includeInIndex = 0; path = GradientUITests.xctest; sourceTree = BUILT_PRODUCTS_DIR; };
/* End PBXFileReference section */

/* Begin PBXFileSystemSynchronizedRootGroup section */
		E57E5FC92D79BF350018A3D7 /* Gradient */ = {
			isa = PBXFileSystemSynchronizedRootGroup;
			path = Gradient;
			sourceTree = "<group>";
		};
		E57E5FDF2D79BF360018A3D7 /* GradientTests */ = {
			isa = PBXFileSystemSynchronizedRootGroup;
			path = GradientTests;
			sourceTree = "<group>";
		};
		E57E5FE92D79BF360018A3D7 /* GradientUITests */ = {
			isa = PBXFileSystemSynchronizedRootGroup;
			path = GradientUITests;
			sourceTree = "<group>";
		};
/* End PBXFileSystemSynchronizedRootGroup section */

/* Begin PBXFrameworksBuildPhase section */
		E57E5FC42D79BF350018A3D7 /* Frameworks */ = {
			isa = PBXFrameworksBuildPhase;
			buildActionMask = 2147483647;
			files = (
				E57E60262D79C27F0018A3D7 /* FirebaseMessaging in Frameworks */,
				E57E601E2D79C27F0018A3D7 /* FirebaseDatabase in Frameworks */,
				E57E60282D79C27F0018A3D7 /* FirebasePerformance in Frameworks */,
				E57E60182D79C27F0018A3D7 /* FirebaseAppCheck in Frameworks */,
				E57E601A2D79C27F0018A3D7 /* FirebaseAuth in Frameworks */,
				E57E60242D79C27F0018A3D7 /* FirebaseFunctions in Frameworks */,
				E57E601C2D79C27F0018A3D7 /* FirebaseCore in Frameworks */,
				E57E60162D79C27F0018A3D7 /* FirebaseAnalytics in Frameworks */,
				E57E602A2D79C27F0018A3D7 /* FirebaseStorage in Frameworks */,
				E57E60202D79C27F0018A3D7 /* FirebaseFirestore in Frameworks */,
				E57E60222D79C27F0018A3D7 /* FirebaseFirestoreCombine-Community in Frameworks */,
			);
			runOnlyForDeploymentPostprocessing = 0;
		};
		E57E5FD92D79BF360018A3D7 /* Frameworks */ = {
			isa = PBXFrameworksBuildPhase;
			buildActionMask = 2147483647;
			files = (
			);
			runOnlyForDeploymentPostprocessing = 0;
		};
		E57E5FE32D79BF360018A3D7 /* Frameworks */ = {
			isa = PBXFrameworksBuildPhase;
			buildActionMask = 2147483647;
			files = (
			);
			runOnlyForDeploymentPostprocessing = 0;
		};
/* End PBXFrameworksBuildPhase section */

/* Begin PBXGroup section */
		E57E5FBE2D79BF350018A3D7 = {
			isa = PBXGroup;
			children = (
				E57E5FC92D79BF350018A3D7 /* Gradient */,
				E57E5FDF2D79BF360018A3D7 /* GradientTests */,
				E57E5FE92D79BF360018A3D7 /* GradientUITests */,
				E57E5FC82D79BF350018A3D7 /* Products */,
			);
			sourceTree = "<group>";
		};
		E57E5FC82D79BF350018A3D7 /* Products */ = {
			isa = PBXGroup;
			children = (
				E57E5FC72D79BF350018A3D7 /* Gradient.app */,
				E57E5FDC2D79BF360018A3D7 /* GradientTests.xctest */,
				E57E5FE62D79BF360018A3D7 /* GradientUITests.xctest */,
			);
			name = Products;
			sourceTree = "<group>";
		};
/* End PBXGroup section */

/* Begin PBXNativeTarget section */
		E57E5FC62D79BF350018A3D7 /* Gradient */ = {
			isa = PBXNativeTarget;
			buildConfigurationList = E57E5FF02D79BF360018A3D7 /* Build configuration list for PBXNativeTarget "Gradient" */;
			buildPhases = (
				E57E5FC32D79BF350018A3D7 /* Sources */,
				E57E5FC42D79BF350018A3D7 /* Frameworks */,
				E57E5FC52D79BF350018A3D7 /* Resources */,
			);
			buildRules = (
			);
			dependencies = (
			);
			fileSystemSynchronizedGroups = (
				E57E5FC92D79BF350018A3D7 /* Gradient */,
			);
			name = Gradient;
			packageProductDependencies = (
				E57E60152D79C27F0018A3D7 /* FirebaseAnalytics */,
				E57E60172D79C27F0018A3D7 /* FirebaseAppCheck */,
				E57E60192D79C27F0018A3D7 /* FirebaseAuth */,
				E57E601B2D79C27F0018A3D7 /* FirebaseCore */,
				E57E601D2D79C27F0018A3D7 /* FirebaseDatabase */,
				E57E601F2D79C27F0018A3D7 /* FirebaseFirestore */,
				E57E60212D79C27F0018A3D7 /* FirebaseFirestoreCombine-Community */,
				E57E60232D79C27F0018A3D7 /* FirebaseFunctions */,
				E57E60252D79C27F0018A3D7 /* FirebaseMessaging */,
				E57E60272D79C27F0018A3D7 /* FirebasePerformance */,
				E57E60292D79C27F0018A3D7 /* FirebaseStorage */,
			);
			productName = Gradient;
			productReference = E57E5FC72D79BF350018A3D7 /* Gradient.app */;
			productType = "com.apple.product-type.application";
		};
		E57E5FDB2D79BF360018A3D7 /* GradientTests */ = {
			isa = PBXNativeTarget;
			buildConfigurationList = E57E5FF32D79BF360018A3D7 /* Build configuration list for PBXNativeTarget "GradientTests" */;
			buildPhases = (
				E57E5FD82D79BF360018A3D7 /* Sources */,
				E57E5FD92D79BF360018A3D7 /* Frameworks */,
				E57E5FDA2D79BF360018A3D7 /* Resources */,
			);
			buildRules = (
			);
			dependencies = (
				E57E5FDE2D79BF360018A3D7 /* PBXTargetDependency */,
			);
			fileSystemSynchronizedGroups = (
				E57E5FDF2D79BF360018A3D7 /* GradientTests */,
			);
			name = GradientTests;
			packageProductDependencies = (
			);
			productName = GradientTests;
			productReference = E57E5FDC2D79BF360018A3D7 /* GradientTests.xctest */;
			productType = "com.apple.product-type.bundle.unit-test";
		};
		E57E5FE52D79BF360018A3D7 /* GradientUITests */ = {
			isa = PBXNativeTarget;
			buildConfigurationList = E57E5FF62D79BF360018A3D7 /* Build configuration list for PBXNativeTarget "GradientUITests" */;
			buildPhases = (
				E57E5FE22D79BF360018A3D7 /* Sources */,
				E57E5FE32D79BF360018A3D7 /* Frameworks */,
				E57E5FE42D79BF360018A3D7 /* Resources */,
			);
			buildRules = (
			);
			dependencies = (
				E57E5FE82D79BF360018A3D7 /* PBXTargetDependency */,
			);
			fileSystemSynchronizedGroups = (
				E57E5FE92D79BF360018A3D7 /* GradientUITests */,
			);
			name = GradientUITests;
			packageProductDependencies = (
			);
			productName = GradientUITests;
			productReference = E57E5FE62D79BF360018A3D7 /* GradientUITests.xctest */;
			productType = "com.apple.product-type.bundle.ui-testing";
		};
/* End PBXNativeTarget section */

/* Begin PBXProject section */
		E57E5FBF2D79BF350018A3D7 /* Project object */ = {
			isa = PBXProject;
			attributes = {
				BuildIndependentTargetsInParallel = 1;
				LastSwiftUpdateCheck = 1620;
				LastUpgradeCheck = 1620;
				TargetAttributes = {
					E57E5FC62D79BF350018A3D7 = {
						CreatedOnToolsVersion = 16.2;
					};
					E57E5FDB2D79BF360018A3D7 = {
						CreatedOnToolsVersion = 16.2;
						TestTargetID = E57E5FC62D79BF350018A3D7;
					};
					E57E5FE52D79BF360018A3D7 = {
						CreatedOnToolsVersion = 16.2;
						TestTargetID = E57E5FC62D79BF350018A3D7;
					};
				};
			};
			buildConfigurationList = E57E5FC22D79BF350018A3D7 /* Build configuration list for PBXProject "Gradient" */;
			developmentRegion = en;
			hasScannedForEncodings = 0;
			knownRegions = (
				en,
				Base,
			);
			mainGroup = E57E5FBE2D79BF350018A3D7;
			minimizedProjectReferenceProxies = 1;
			packageReferences = (
				E57E60142D79C27F0018A3D7 /* XCRemoteSwiftPackageReference "firebase-ios-sdk" */,
			);
			preferredProjectObjectVersion = 77;
			productRefGroup = E57E5FC82D79BF350018A3D7 /* Products */;
			projectDirPath = "";
			projectRoot = "";
			targets = (
				E57E5FC62D79BF350018A3D7 /* Gradient */,
				E57E5FDB2D79BF360018A3D7 /* GradientTests */,
				E57E5FE52D79BF360018A3D7 /* GradientUITests */,
			);
		};
/* End PBXProject section */

/* Begin PBXResourcesBuildPhase section */
		E57E5FC52D79BF350018A3D7 /* Resources */ = {
			isa = PBXResourcesBuildPhase;
			buildActionMask = 2147483647;
			files = (
			);
			runOnlyForDeploymentPostprocessing = 0;
		};
		E57E5FDA2D79BF360018A3D7 /* Resources */ = {
			isa = PBXResourcesBuildPhase;
			buildActionMask = 2147483647;
			files = (
			);
			runOnlyForDeploymentPostprocessing = 0;
		};
		E57E5FE42D79BF360018A3D7 /* Resources */ = {
			isa = PBXResourcesBuildPhase;
			buildActionMask = 2147483647;
			files = (
			);
			runOnlyForDeploymentPostprocessing = 0;
		};
/* End PBXResourcesBuildPhase section */

/* Begin PBXSourcesBuildPhase section */
		E57E5FC32D79BF350018A3D7 /* Sources */ = {
			isa = PBXSourcesBuildPhase;
			buildActionMask = 2147483647;
			files = (
			);
			runOnlyForDeploymentPostprocessing = 0;
		};
		E57E5FD82D79BF360018A3D7 /* Sources */ = {
			isa = PBXSourcesBuildPhase;
			buildActionMask = 2147483647;
			files = (
			);
			runOnlyForDeploymentPostprocessing = 0;
		};
		E57E5FE22D79BF360018A3D7 /* Sources */ = {
			isa = PBXSourcesBuildPhase;
			buildActionMask = 2147483647;
			files = (
			);
			runOnlyForDeploymentPostprocessing = 0;
		};
/* End PBXSourcesBuildPhase section */

/* Begin PBXTargetDependency section */
		E57E5FDE2D79BF360018A3D7 /* PBXTargetDependency */ = {
			isa = PBXTargetDependency;
			target = E57E5FC62D79BF350018A3D7 /* Gradient */;
			targetProxy = E57E5FDD2D79BF360018A3D7 /* PBXContainerItemProxy */;
		};
		E57E5FE82D79BF360018A3D7 /* PBXTargetDependency */ = {
			isa = PBXTargetDependency;
			target = E57E5FC62D79BF350018A3D7 /* Gradient */;
			targetProxy = E57E5FE72D79BF360018A3D7 /* PBXContainerItemProxy */;
		};
/* End PBXTargetDependency section */

/* Begin XCBuildConfiguration section */
		E57E5FEE2D79BF360018A3D7 /* Debug */ = {
			isa = XCBuildConfiguration;
			buildSettings = {
				ALWAYS_SEARCH_USER_PATHS = NO;
				ASSETCATALOG_COMPILER_GENERATE_SWIFT_ASSET_SYMBOL_EXTENSIONS = YES;
				CLANG_ANALYZER_NONNULL = YES;
				CLANG_ANALYZER_NUMBER_OBJECT_CONVERSION = YES_AGGRESSIVE;
				CLANG_CXX_LANGUAGE_STANDARD = "gnu++20";
				CLANG_ENABLE_MODULES = YES;
				CLANG_ENABLE_OBJC_ARC = YES;
				CLANG_ENABLE_OBJC_WEAK = YES;
				CLANG_WARN_BLOCK_CAPTURE_AUTORELEASING = YES;
				CLANG_WARN_BOOL_CONVERSION = YES;
				CLANG_WARN_COMMA = YES;
				CLANG_WARN_CONSTANT_CONVERSION = YES;
				CLANG_WARN_DEPRECATED_OBJC_IMPLEMENTATIONS = YES;
				CLANG_WARN_DIRECT_OBJC_ISA_USAGE = YES_ERROR;
				CLANG_WARN_DOCUMENTATION_COMMENTS = YES;
				CLANG_WARN_EMPTY_BODY = YES;
				CLANG_WARN_ENUM_CONVERSION = YES;
				CLANG_WARN_INFINITE_RECURSION = YES;
				CLANG_WARN_INT_CONVERSION = YES;
				CLANG_WARN_NON_LITERAL_NULL_CONVERSION = YES;
				CLANG_WARN_OBJC_IMPLICIT_RETAIN_SELF = YES;
				CLANG_WARN_OBJC_LITERAL_CONVERSION = YES;
				CLANG_WARN_OBJC_ROOT_CLASS = YES_ERROR;
				CLANG_WARN_QUOTED_INCLUDE_IN_FRAMEWORK_HEADER = YES;
				CLANG_WARN_RANGE_LOOP_ANALYSIS = YES;
				CLANG_WARN_STRICT_PROTOTYPES = YES;
				CLANG_WARN_SUSPICIOUS_MOVE = YES;
				CLANG_WARN_UNGUARDED_AVAILABILITY = YES_AGGRESSIVE;
				CLANG_WARN_UNREACHABLE_CODE = YES;
				CLANG_WARN__DUPLICATE_METHOD_MATCH = YES;
				COPY_PHASE_STRIP = NO;
				DEBUG_INFORMATION_FORMAT = dwarf;
				ENABLE_STRICT_OBJC_MSGSEND = YES;
				ENABLE_TESTABILITY = YES;
				ENABLE_USER_SCRIPT_SANDBOXING = YES;
				GCC_C_LANGUAGE_STANDARD = gnu17;
				GCC_DYNAMIC_NO_PIC = NO;
				GCC_NO_COMMON_BLOCKS = YES;
				GCC_OPTIMIZATION_LEVEL = 0;
				GCC_PREPROCESSOR_DEFINITIONS = (
					"DEBUG=1",
					"$(inherited)",
				);
				GCC_WARN_64_TO_32_BIT_CONVERSION = YES;
				GCC_WARN_ABOUT_RETURN_TYPE = YES_ERROR;
				GCC_WARN_UNDECLARED_SELECTOR = YES;
				GCC_WARN_UNINITIALIZED_AUTOS = YES_AGGRESSIVE;
				GCC_WARN_UNUSED_FUNCTION = YES;
				GCC_WARN_UNUSED_VARIABLE = YES;
				IPHONEOS_DEPLOYMENT_TARGET = 18.2;
				LOCALIZATION_PREFERS_STRING_CATALOGS = YES;
				MTL_ENABLE_DEBUG_INFO = INCLUDE_SOURCE;
				MTL_FAST_MATH = YES;
				ONLY_ACTIVE_ARCH = YES;
				SDKROOT = iphoneos;
				SWIFT_ACTIVE_COMPILATION_CONDITIONS = "DEBUG $(inherited)";
				SWIFT_OPTIMIZATION_LEVEL = "-Onone";
			};
			name = Debug;
		};
		E57E5FEF2D79BF360018A3D7 /* Release */ = {
			isa = XCBuildConfiguration;
			buildSettings = {
				ALWAYS_SEARCH_USER_PATHS = NO;
				ASSETCATALOG_COMPILER_GENERATE_SWIFT_ASSET_SYMBOL_EXTENSIONS = YES;
				CLANG_ANALYZER_NONNULL = YES;
				CLANG_ANALYZER_NUMBER_OBJECT_CONVERSION = YES_AGGRESSIVE;
				CLANG_CXX_LANGUAGE_STANDARD = "gnu++20";
				CLANG_ENABLE_MODULES = YES;
				CLANG_ENABLE_OBJC_ARC = YES;
				CLANG_ENABLE_OBJC_WEAK = YES;
				CLANG_WARN_BLOCK_CAPTURE_AUTORELEASING = YES;
				CLANG_WARN_BOOL_CONVERSION = YES;
				CLANG_WARN_COMMA = YES;
				CLANG_WARN_CONSTANT_CONVERSION = YES;
				CLANG_WARN_DEPRECATED_OBJC_IMPLEMENTATIONS = YES;
				CLANG_WARN_DIRECT_OBJC_ISA_USAGE = YES_ERROR;
				CLANG_WARN_DOCUMENTATION_COMMENTS = YES;
				CLANG_WARN_EMPTY_BODY = YES;
				CLANG_WARN_ENUM_CONVERSION = YES;
				CLANG_WARN_INFINITE_RECURSION = YES;
				CLANG_WARN_INT_CONVERSION = YES;
				CLANG_WARN_NON_LITERAL_NULL_CONVERSION = YES;
				CLANG_WARN_OBJC_IMPLICIT_RETAIN_SELF = YES;
				CLANG_WARN_OBJC_LITERAL_CONVERSION = YES;
				CLANG_WARN_OBJC_ROOT_CLASS = YES_ERROR;
				CLANG_WARN_QUOTED_INCLUDE_IN_FRAMEWORK_HEADER = YES;
				CLANG_WARN_RANGE_LOOP_ANALYSIS = YES;
				CLANG_WARN_STRICT_PROTOTYPES = YES;
				CLANG_WARN_SUSPICIOUS_MOVE = YES;
				CLANG_WARN_UNGUARDED_AVAILABILITY = YES_AGGRESSIVE;
				CLANG_WARN_UNREACHABLE_CODE = YES;
				CLANG_WARN__DUPLICATE_METHOD_MATCH = YES;
				COPY_PHASE_STRIP = NO;
				DEBUG_INFORMATION_FORMAT = "dwarf-with-dsym";
				ENABLE_NS_ASSERTIONS = NO;
				ENABLE_STRICT_OBJC_MSGSEND = YES;
				ENABLE_USER_SCRIPT_SANDBOXING = YES;
				GCC_C_LANGUAGE_STANDARD = gnu17;
				GCC_NO_COMMON_BLOCKS = YES;
				GCC_WARN_64_TO_32_BIT_CONVERSION = YES;
				GCC_WARN_ABOUT_RETURN_TYPE = YES_ERROR;
				GCC_WARN_UNDECLARED_SELECTOR = YES;
				GCC_WARN_UNINITIALIZED_AUTOS = YES_AGGRESSIVE;
				GCC_WARN_UNUSED_FUNCTION = YES;
				GCC_WARN_UNUSED_VARIABLE = YES;
				IPHONEOS_DEPLOYMENT_TARGET = 18.2;
				LOCALIZATION_PREFERS_STRING_CATALOGS = YES;
				MTL_ENABLE_DEBUG_INFO = NO;
				MTL_FAST_MATH = YES;
				SDKROOT = iphoneos;
				SWIFT_COMPILATION_MODE = wholemodule;
				VALIDATE_PRODUCT = YES;
			};
			name = Release;
		};
		E57E5FF12D79BF360018A3D7 /* Debug */ = {
			isa = XCBuildConfiguration;
			buildSettings = {
				ASSETCATALOG_COMPILER_APPICON_NAME = AppIcon;
				ASSETCATALOG_COMPILER_GLOBAL_ACCENT_COLOR_NAME = AccentColor;
				CODE_SIGN_STYLE = Automatic;
				CURRENT_PROJECT_VERSION = 1;
				DEVELOPMENT_ASSET_PATHS = "\"Gradient/Preview Content\"";
				DEVELOPMENT_TEAM = J6M48VZ5PP;
				ENABLE_PREVIEWS = YES;
				GENERATE_INFOPLIST_FILE = YES;
				INFOPLIST_KEY_UIApplicationSceneManifest_Generation = YES;
				INFOPLIST_KEY_UIApplicationSupportsIndirectInputEvents = YES;
				INFOPLIST_KEY_UILaunchScreen_Generation = YES;
				INFOPLIST_KEY_UISupportedInterfaceOrientations_iPad = "UIInterfaceOrientationPortrait UIInterfaceOrientationPortraitUpsideDown UIInterfaceOrientationLandscapeLeft UIInterfaceOrientationLandscapeRight";
				INFOPLIST_KEY_UISupportedInterfaceOrientations_iPhone = "UIInterfaceOrientationPortrait UIInterfaceOrientationLandscapeLeft UIInterfaceOrientationLandscapeRight";
				LD_RUNPATH_SEARCH_PATHS = (
					"$(inherited)",
					"@executable_path/Frameworks",
				);
				MARKETING_VERSION = 1.0;
				PRODUCT_BUNDLE_IDENTIFIER = com.max.gradient2;
				PRODUCT_NAME = "$(TARGET_NAME)";
				SWIFT_EMIT_LOC_STRINGS = YES;
				SWIFT_VERSION = 5.0;
				TARGETED_DEVICE_FAMILY = "1,2";
			};
			name = Debug;
		};
		E57E5FF22D79BF360018A3D7 /* Release */ = {
			isa = XCBuildConfiguration;
			buildSettings = {
				ASSETCATALOG_COMPILER_APPICON_NAME = AppIcon;
				ASSETCATALOG_COMPILER_GLOBAL_ACCENT_COLOR_NAME = AccentColor;
				CODE_SIGN_STYLE = Automatic;
				CURRENT_PROJECT_VERSION = 1;
				DEVELOPMENT_ASSET_PATHS = "\"Gradient/Preview Content\"";
				DEVELOPMENT_TEAM = J6M48VZ5PP;
				ENABLE_PREVIEWS = YES;
				GENERATE_INFOPLIST_FILE = YES;
				INFOPLIST_KEY_UIApplicationSceneManifest_Generation = YES;
				INFOPLIST_KEY_UIApplicationSupportsIndirectInputEvents = YES;
				INFOPLIST_KEY_UILaunchScreen_Generation = YES;
				INFOPLIST_KEY_UISupportedInterfaceOrientations_iPad = "UIInterfaceOrientationPortrait UIInterfaceOrientationPortraitUpsideDown UIInterfaceOrientationLandscapeLeft UIInterfaceOrientationLandscapeRight";
				INFOPLIST_KEY_UISupportedInterfaceOrientations_iPhone = "UIInterfaceOrientationPortrait UIInterfaceOrientationLandscapeLeft UIInterfaceOrientationLandscapeRight";
				LD_RUNPATH_SEARCH_PATHS = (
					"$(inherited)",
					"@executable_path/Frameworks",
				);
				MARKETING_VERSION = 1.0;
				PRODUCT_BUNDLE_IDENTIFIER = com.max.gradient2;
				PRODUCT_NAME = "$(TARGET_NAME)";
				SWIFT_EMIT_LOC_STRINGS = YES;
				SWIFT_VERSION = 5.0;
				TARGETED_DEVICE_FAMILY = "1,2";
			};
			name = Release;
		};
		E57E5FF42D79BF360018A3D7 /* Debug */ = {
			isa = XCBuildConfiguration;
			buildSettings = {
				BUNDLE_LOADER = "$(TEST_HOST)";
				CODE_SIGN_STYLE = Automatic;
				CURRENT_PROJECT_VERSION = 1;
				DEVELOPMENT_TEAM = J6M48VZ5PP;
				GENERATE_INFOPLIST_FILE = YES;
				IPHONEOS_DEPLOYMENT_TARGET = 18.2;
				MARKETING_VERSION = 1.0;
				PRODUCT_BUNDLE_IDENTIFIER = com.max.GradientTests;
				PRODUCT_NAME = "$(TARGET_NAME)";
				SWIFT_EMIT_LOC_STRINGS = NO;
				SWIFT_VERSION = 5.0;
				TARGETED_DEVICE_FAMILY = "1,2";
				TEST_HOST = "$(BUILT_PRODUCTS_DIR)/Gradient.app/$(BUNDLE_EXECUTABLE_FOLDER_PATH)/Gradient";
			};
			name = Debug;
		};
		E57E5FF52D79BF360018A3D7 /* Release */ = {
			isa = XCBuildConfiguration;
			buildSettings = {
				BUNDLE_LOADER = "$(TEST_HOST)";
				CODE_SIGN_STYLE = Automatic;
				CURRENT_PROJECT_VERSION = 1;
				DEVELOPMENT_TEAM = J6M48VZ5PP;
				GENERATE_INFOPLIST_FILE = YES;
				IPHONEOS_DEPLOYMENT_TARGET = 18.2;
				MARKETING_VERSION = 1.0;
				PRODUCT_BUNDLE_IDENTIFIER = com.max.GradientTests;
				PRODUCT_NAME = "$(TARGET_NAME)";
				SWIFT_EMIT_LOC_STRINGS = NO;
				SWIFT_VERSION = 5.0;
				TARGETED_DEVICE_FAMILY = "1,2";
				TEST_HOST = "$(BUILT_PRODUCTS_DIR)/Gradient.app/$(BUNDLE_EXECUTABLE_FOLDER_PATH)/Gradient";
			};
			name = Release;
		};
		E57E5FF72D79BF360018A3D7 /* Debug */ = {
			isa = XCBuildConfiguration;
			buildSettings = {
				CODE_SIGN_STYLE = Automatic;
				CURRENT_PROJECT_VERSION = 1;
				DEVELOPMENT_TEAM = J6M48VZ5PP;
				GENERATE_INFOPLIST_FILE = YES;
				MARKETING_VERSION = 1.0;
				PRODUCT_BUNDLE_IDENTIFIER = com.max.GradientUITests;
				PRODUCT_NAME = "$(TARGET_NAME)";
				SWIFT_EMIT_LOC_STRINGS = NO;
				SWIFT_VERSION = 5.0;
				TARGETED_DEVICE_FAMILY = "1,2";
				TEST_TARGET_NAME = Gradient;
			};
			name = Debug;
		};
		E57E5FF82D79BF360018A3D7 /* Release */ = {
			isa = XCBuildConfiguration;
			buildSettings = {
				CODE_SIGN_STYLE = Automatic;
				CURRENT_PROJECT_VERSION = 1;
				DEVELOPMENT_TEAM = J6M48VZ5PP;
				GENERATE_INFOPLIST_FILE = YES;
				MARKETING_VERSION = 1.0;
				PRODUCT_BUNDLE_IDENTIFIER = com.max.GradientUITests;
				PRODUCT_NAME = "$(TARGET_NAME)";
				SWIFT_EMIT_LOC_STRINGS = NO;
				SWIFT_VERSION = 5.0;
				TARGETED_DEVICE_FAMILY = "1,2";
				TEST_TARGET_NAME = Gradient;
			};
			name = Release;
		};
/* End XCBuildConfiguration section */

/* Begin XCConfigurationList section */
		E57E5FC22D79BF350018A3D7 /* Build configuration list for PBXProject "Gradient" */ = {
			isa = XCConfigurationList;
			buildConfigurations = (
				E57E5FEE2D79BF360018A3D7 /* Debug */,
				E57E5FEF2D79BF360018A3D7 /* Release */,
			);
			defaultConfigurationIsVisible = 0;
			defaultConfigurationName = Release;
		};
		E57E5FF02D79BF360018A3D7 /* Build configuration list for PBXNativeTarget "Gradient" */ = {
			isa = XCConfigurationList;
			buildConfigurations = (
				E57E5FF12D79BF360018A3D7 /* Debug */,
				E57E5FF22D79BF360018A3D7 /* Release */,
			);
			defaultConfigurationIsVisible = 0;
			defaultConfigurationName = Release;
		};
		E57E5FF32D79BF360018A3D7 /* Build configuration list for PBXNativeTarget "GradientTests" */ = {
			isa = XCConfigurationList;
			buildConfigurations = (
				E57E5FF42D79BF360018A3D7 /* Debug */,
				E57E5FF52D79BF360018A3D7 /* Release */,
			);
			defaultConfigurationIsVisible = 0;
			defaultConfigurationName = Release;
		};
		E57E5FF62D79BF360018A3D7 /* Build configuration list for PBXNativeTarget "GradientUITests" */ = {
			isa = XCConfigurationList;
			buildConfigurations = (
				E57E5FF72D79BF360018A3D7 /* Debug */,
				E57E5FF82D79BF360018A3D7 /* Release */,
			);
			defaultConfigurationIsVisible = 0;
			defaultConfigurationName = Release;
		};
/* End XCConfigurationList section */

/* Begin XCRemoteSwiftPackageReference section */
		E57E60142D79C27F0018A3D7 /* XCRemoteSwiftPackageReference "firebase-ios-sdk" */ = {
			isa = XCRemoteSwiftPackageReference;
			repositoryURL = "https://github.com/firebase/firebase-ios-sdk.git";
			requirement = {
				kind = upToNextMajorVersion;
				minimumVersion = 11.9.0;
			};
		};
/* End XCRemoteSwiftPackageReference section */

/* Begin XCSwiftPackageProductDependency section */
		E57E60152D79C27F0018A3D7 /* FirebaseAnalytics */ = {
			isa = XCSwiftPackageProductDependency;
			package = E57E60142D79C27F0018A3D7 /* XCRemoteSwiftPackageReference "firebase-ios-sdk" */;
			productName = FirebaseAnalytics;
		};
		E57E60172D79C27F0018A3D7 /* FirebaseAppCheck */ = {
			isa = XCSwiftPackageProductDependency;
			package = E57E60142D79C27F0018A3D7 /* XCRemoteSwiftPackageReference "firebase-ios-sdk" */;
			productName = FirebaseAppCheck;
		};
		E57E60192D79C27F0018A3D7 /* FirebaseAuth */ = {
			isa = XCSwiftPackageProductDependency;
			package = E57E60142D79C27F0018A3D7 /* XCRemoteSwiftPackageReference "firebase-ios-sdk" */;
			productName = FirebaseAuth;
		};
		E57E601B2D79C27F0018A3D7 /* FirebaseCore */ = {
			isa = XCSwiftPackageProductDependency;
			package = E57E60142D79C27F0018A3D7 /* XCRemoteSwiftPackageReference "firebase-ios-sdk" */;
			productName = FirebaseCore;
		};
		E57E601D2D79C27F0018A3D7 /* FirebaseDatabase */ = {
			isa = XCSwiftPackageProductDependency;
			package = E57E60142D79C27F0018A3D7 /* XCRemoteSwiftPackageReference "firebase-ios-sdk" */;
			productName = FirebaseDatabase;
		};
		E57E601F2D79C27F0018A3D7 /* FirebaseFirestore */ = {
			isa = XCSwiftPackageProductDependency;
			package = E57E60142D79C27F0018A3D7 /* XCRemoteSwiftPackageReference "firebase-ios-sdk" */;
			productName = FirebaseFirestore;
		};
		E57E60212D79C27F0018A3D7 /* FirebaseFirestoreCombine-Community */ = {
			isa = XCSwiftPackageProductDependency;
			package = E57E60142D79C27F0018A3D7 /* XCRemoteSwiftPackageReference "firebase-ios-sdk" */;
			productName = "FirebaseFirestoreCombine-Community";
		};
		E57E60232D79C27F0018A3D7 /* FirebaseFunctions */ = {
			isa = XCSwiftPackageProductDependency;
			package = E57E60142D79C27F0018A3D7 /* XCRemoteSwiftPackageReference "firebase-ios-sdk" */;
			productName = FirebaseFunctions;
		};
		E57E60252D79C27F0018A3D7 /* FirebaseMessaging */ = {
			isa = XCSwiftPackageProductDependency;
			package = E57E60142D79C27F0018A3D7 /* XCRemoteSwiftPackageReference "firebase-ios-sdk" */;
			productName = FirebaseMessaging;
		};
		E57E60272D79C27F0018A3D7 /* FirebasePerformance */ = {
			isa = XCSwiftPackageProductDependency;
			package = E57E60142D79C27F0018A3D7 /* XCRemoteSwiftPackageReference "firebase-ios-sdk" */;
			productName = FirebasePerformance;
		};
		E57E60292D79C27F0018A3D7 /* FirebaseStorage */ = {
			isa = XCSwiftPackageProductDependency;
			package = E57E60142D79C27F0018A3D7 /* XCRemoteSwiftPackageReference "firebase-ios-sdk" */;
			productName = FirebaseStorage;
		};
/* End XCSwiftPackageProductDependency section */
	};
	rootObject = E57E5FBF2D79BF350018A3D7 /* Project object */;
}
